{
  "version": 4,
  "terraform_version": "1.14.8",
  "serial": 7,
  "lineage": "92b6b17d-1655-a236-273e-a1ce66bc06ae",
  "outputs": {},
  "resources": [
    {
      "mode": "managed",
      "type": "aws_key_pair",
      "name": "nginx_key",
      "provider": "provider[\"registry.terraform.io/hashicorp/aws\"]",
      "instances": [
        {
          "schema_version": 1,
          "attributes": {
            "arn": "arn:aws:ec2:eu-west-3:515820372207:key-pair/nginx-key",
            "fingerprint": "34:7a:e0:82:22:03:8b:41:19:d1:e9:92:39:63:f0:78",
            "id": "nginx-key",
            "key_name": "nginx-key",
            "key_name_prefix": "",
            "key_pair_id": "key-0baf5a339cc889bcd",
            "key_type": "rsa",
            "public_key": "ssh-rsa AAAAB3NzaC1yc2EAAAADAQABAAACAQC6eragaz31dxQNOtjfTJEPanYwfKfUVUQyozQi47prkfe1xMcAPa25ljO8EKwXQmvCqU0VN8PyEpt7XS7OGDVzgHpXIYJ83RZgVkXFECtnJsTTiw5FrYUFDb4jtjLmEh1hbK4+GVNm/d8ikwFJiIoC3Pip/OlERrrpv13OATu0IsWlR2wDuHzFK/ktZMf2NyWadI3X5q10AMNOX0yovt5igXzsjPlEOPgAdEGxLmKSb3j62S35Fz6Ztq2ACBDDApofRNTtWp303d8QG6utzaOYUQNRq7iZgK/xbk/xPr79qHthdC/dBqp72+myw/JTZwbA/uLu7xqR6nVoQ9o+ox80FMcagoT21ehHVAZbRmuMj76fMkG1EhyS+AjMBK1+Z2oL/5EMPAi4uk0RL4Atu7dppuYCWtTSyxcDhIRQoM9sdtT5zmGFqs5iqbNhf7veuIBXExWC8+ytntRhVijJigaA7Ve8v/F1ENW9ZzsUGIsmmladGgPQtdgjqdkTNWK8K4EmkM0oThTMX0ZbSgXtkGPn04XlMBkBN4aRf9EQRSR764QE9OWpeV5YV95XOwsxNWKOzC+5oaMy8LE6RS90d2VAy6VbB3sJ8gG9q1Zg1J2TFq0MlGCJ9WMRpLdSyVzr6oh/iVGR/88bXVnhvEBoOIsQe6CJVObIakCD5kOxfoIFeQ== nginx@azure",
            "tags": null,
            "tags_all": {}
          },
          "sensitive_attributes": [],
          "identity_schema_version": 0,
          "private": "eyJzY2hlbWFfdmVyc2lvbiI6IjEifQ=="
        }
      ]
    },
    {
      "mode": "managed",
      "type": "aws_security_group",
      "name": "nginx_sg",
      "provider": "provider[\"registry.terraform.io/hashicorp/aws\"]",
      "instances": [
        {
          "schema_version": 1,
          "attributes": {
            "arn": "arn:aws:ec2:eu-west-3:515820372207:security-group/sg-0d0faf67d760dbd4b",
            "description": "SSH + HTTP",
            "egress": [
              {
                "cidr_blocks": [
                  "0.0.0.0/0"
                ],
                "description": "",
                "from_port": 0,
                "ipv6_cidr_blocks": [],
                "prefix_list_ids": [],
                "protocol": "-1",
                "security_groups": [],
                "self": false,
                "to_port": 0
              }
            ],
            "id": "sg-0d0faf67d760dbd4b",
            "ingress": [
              {
                "cidr_blocks": [
                  "0.0.0.0/0"
                ],
                "description": "",
                "from_port": 22,
                "ipv6_cidr_blocks": [],
                "prefix_list_ids": [],
                "protocol": "tcp",
                "security_groups": [],
                "self": false,
                "to_port": 22
              },
              {
                "cidr_blocks": [
                  "0.0.0.0/0"
                ],
                "description": "",
                "from_port": 80,
                "ipv6_cidr_blocks": [],
                "prefix_list_ids": [],
                "protocol": "tcp",
                "security_groups": [],
                "self": false,
                "to_port": 80
              }
            ],
            "name": "nginx-sg",
            "name_prefix": "",
            "owner_id": "515820372207",
            "revoke_rules_on_delete": false,
            "tags": null,
            "tags_all": {},
            "timeouts": null,
            "vpc_id": "vpc-08b2f6932f5a0dcdf"
          },
          "sensitive_attributes": [],
          "identity_schema_version": 0,
          "private": "eyJlMmJmYjczMC1lY2FhLTExZTYtOGY4OC0zNDM2M2JjN2M0YzAiOnsiY3JlYXRlIjo2MDAwMDAwMDAwMDAsImRlbGV0ZSI6OTAwMDAwMDAwMDAwfSwic2NoZW1hX3ZlcnNpb24iOiIxIn0="
        }
      ]
    }
  ],
  "check_results": null
}
